{
  "version": "3",
  "redirects": {
    "https://esm.sh/clsx@^2.0.0?target=denonext": "https://esm.sh/clsx@2.1.1?target=denonext",
    "https://esm.sh/d3-array@^3.2.4?target=denonext": "https://esm.sh/d3-array@3.2.4?target=denonext",
    "https://esm.sh/d3-color@^3.1.0?target=denonext": "https://esm.sh/d3-color@3.1.0?target=denonext",
    "https://esm.sh/d3-format@^3.1.0?target=denonext": "https://esm.sh/d3-format@3.1.0?target=denonext",
    "https://esm.sh/d3-interpolate@^3.0.1?target=denonext": "https://esm.sh/d3-interpolate@3.0.1?target=denonext",
    "https://esm.sh/d3-path@^3.1.0?target=denonext": "https://esm.sh/d3-path@3.1.0?target=denonext",
    "https://esm.sh/d3-scale@^4.0.2?target=denonext": "https://esm.sh/d3-scale@4.0.2?target=denonext",
    "https://esm.sh/d3-shape@^3.1.0?target=denonext": "https://esm.sh/d3-shape@3.2.0?target=denonext",
    "https://esm.sh/d3-time-format@^4.1.0?target=denonext": "https://esm.sh/d3-time-format@4.1.0?target=denonext",
    "https://esm.sh/d3-time@^3.1.0?target=denonext": "https://esm.sh/d3-time@3.1.0?target=denonext",
    "https://esm.sh/decimal.js-light@^2.4.1?target=denonext": "https://esm.sh/decimal.js-light@2.5.1?target=denonext",
    "https://esm.sh/dom-helpers@^5.0.1/addClass?target=denonext": "https://esm.sh/dom-helpers@5.2.1/addClass?target=denonext",
    "https://esm.sh/dom-helpers@^5.0.1/removeClass?target=denonext": "https://esm.sh/dom-helpers@5.2.1/removeClass?target=denonext",
    "https://esm.sh/eventemitter3@^4.0.1?target=denonext": "https://esm.sh/eventemitter3@4.0.7?target=denonext",
    "https://esm.sh/fast-equals@^5.0.1?target=denonext": "https://esm.sh/fast-equals@5.2.2?target=denonext",
    "https://esm.sh/internmap@^2.0.3?target=denonext": "https://esm.sh/internmap@2.0.3?target=denonext",
    "https://esm.sh/lodash@^4.17.21/every?target=denonext": "https://esm.sh/lodash@4.17.21/every?target=denonext",
    "https://esm.sh/lodash@^4.17.21/find?target=denonext": "https://esm.sh/lodash@4.17.21/find?target=denonext",
    "https://esm.sh/lodash@^4.17.21/first?target=denonext": "https://esm.sh/lodash@4.17.21/first?target=denonext",
    "https://esm.sh/lodash@^4.17.21/flatMap?target=denonext": "https://esm.sh/lodash@4.17.21/flatMap?target=denonext",
    "https://esm.sh/lodash@^4.17.21/get?target=denonext": "https://esm.sh/lodash@4.17.21/get?target=denonext",
    "https://esm.sh/lodash@^4.17.21/isBoolean?target=denonext": "https://esm.sh/lodash@4.17.21/isBoolean?target=denonext",
    "https://esm.sh/lodash@^4.17.21/isEqual?target=denonext": "https://esm.sh/lodash@4.17.21/isEqual?target=denonext",
    "https://esm.sh/lodash@^4.17.21/isFunction?target=denonext": "https://esm.sh/lodash@4.17.21/isFunction?target=denonext",
    "https://esm.sh/lodash@^4.17.21/isNaN?target=denonext": "https://esm.sh/lodash@4.17.21/isNaN?target=denonext",
    "https://esm.sh/lodash@^4.17.21/isNil?target=denonext": "https://esm.sh/lodash@4.17.21/isNil?target=denonext",
    "https://esm.sh/lodash@^4.17.21/isNumber?target=denonext": "https://esm.sh/lodash@4.17.21/isNumber?target=denonext",
    "https://esm.sh/lodash@^4.17.21/isObject?target=denonext": "https://esm.sh/lodash@4.17.21/isObject?target=denonext",
    "https://esm.sh/lodash@^4.17.21/isPlainObject?target=denonext": "https://esm.sh/lodash@4.17.21/isPlainObject?target=denonext",
    "https://esm.sh/lodash@^4.17.21/isString?target=denonext": "https://esm.sh/lodash@4.17.21/isString?target=denonext",
    "https://esm.sh/lodash@^4.17.21/last?target=denonext": "https://esm.sh/lodash@4.17.21/last?target=denonext",
    "https://esm.sh/lodash@^4.17.21/mapValues?target=denonext": "https://esm.sh/lodash@4.17.21/mapValues?target=denonext",
    "https://esm.sh/lodash@^4.17.21/max?target=denonext": "https://esm.sh/lodash@4.17.21/max?target=denonext",
    "https://esm.sh/lodash@^4.17.21/maxBy?target=denonext": "https://esm.sh/lodash@4.17.21/maxBy?target=denonext",
    "https://esm.sh/lodash@^4.17.21/memoize?target=denonext": "https://esm.sh/lodash@4.17.21/memoize?target=denonext",
    "https://esm.sh/lodash@^4.17.21/min?target=denonext": "https://esm.sh/lodash@4.17.21/min?target=denonext",
    "https://esm.sh/lodash@^4.17.21/minBy?target=denonext": "https://esm.sh/lodash@4.17.21/minBy?target=denonext",
    "https://esm.sh/lodash@^4.17.21/omit?target=denonext": "https://esm.sh/lodash@4.17.21/omit?target=denonext",
    "https://esm.sh/lodash@^4.17.21/range?target=denonext": "https://esm.sh/lodash@4.17.21/range?target=denonext",
    "https://esm.sh/lodash@^4.17.21/some?target=denonext": "https://esm.sh/lodash@4.17.21/some?target=denonext",
    "https://esm.sh/lodash@^4.17.21/sortBy?target=denonext": "https://esm.sh/lodash@4.17.21/sortBy?target=denonext",
    "https://esm.sh/lodash@^4.17.21/sumBy?target=denonext": "https://esm.sh/lodash@4.17.21/sumBy?target=denonext",
    "https://esm.sh/lodash@^4.17.21/throttle?target=denonext": "https://esm.sh/lodash@4.17.21/throttle?target=denonext",
    "https://esm.sh/lodash@^4.17.21/uniqBy?target=denonext": "https://esm.sh/lodash@4.17.21/uniqBy?target=denonext",
    "https://esm.sh/lodash@^4.17.21/upperFirst?target=denonext": "https://esm.sh/lodash@4.17.21/upperFirst?target=denonext",
    "https://esm.sh/lucide-react": "https://esm.sh/lucide-react@0.475.0",
    "https://esm.sh/prop-types@^15.6.2?target=denonext": "https://esm.sh/prop-types@15.8.1?target=denonext",
    "https://esm.sh/prop-types@^15.8.1?target=denonext": "https://esm.sh/prop-types@15.8.1?target=denonext",
    "https://esm.sh/react": "https://esm.sh/react@19.0.0",
    "https://esm.sh/react-dom/client": "https://esm.sh/react-dom@19.0.0/client",
    "https://esm.sh/react-dom@%3E=16.6.0?target=denonext": "https://esm.sh/react-dom@19.0.0?target=denonext",
    "https://esm.sh/react-is@^18.3.1?target=denonext": "https://esm.sh/react-is@18.3.1?target=denonext",
    "https://esm.sh/react-smooth@^4.0.4?target=denonext": "https://esm.sh/react-smooth@4.0.4?target=denonext",
    "https://esm.sh/react-transition-group@^4.4.5?target=denonext": "https://esm.sh/react-transition-group@4.4.5?target=denonext",
    "https://esm.sh/react/jsx-runtime": "https://esm.sh/react@19.0.0/jsx-runtime",
    "https://esm.sh/react@%3E=16.6.0?target=denonext": "https://esm.sh/react@19.0.0?target=denonext",
    "https://esm.sh/react@^19.0.0?target=denonext": "https://esm.sh/react@19.0.0?target=denonext",
    "https://esm.sh/recharts": "https://esm.sh/recharts@2.15.1",
    "https://esm.sh/recharts-scale@^0.4.4?target=denonext": "https://esm.sh/recharts-scale@0.4.5?target=denonext",
    "https://esm.sh/scheduler@^0.25.0?target=denonext": "https://esm.sh/scheduler@0.25.0?target=denonext",
    "https://esm.sh/tiny-invariant@^1.3.1?target=denonext": "https://esm.sh/tiny-invariant@1.3.3?target=denonext",
    "https://esm.sh/victory-vendor@^36.6.8/d3-scale?target=denonext": "https://esm.sh/victory-vendor@36.9.2/d3-scale?target=denonext",
    "https://esm.sh/victory-vendor@^36.6.8/d3-shape?target=denonext": "https://esm.sh/victory-vendor@36.9.2/d3-shape?target=denonext"
  },
  "remote": {
    "https://esm.sh/clsx@2.1.1/denonext/clsx.mjs": "ed43dc59b4ff97eb73e7e4d4f61007e2e1028f346f2d6040436839e998e71d26",
    "https://esm.sh/clsx@2.1.1?target=denonext": "1c5bcfafa10ae7e2ed2b2cd85ce4ddb2862831e1f7f30b7f09e2c55832784040",
    "https://esm.sh/d3-array@3.2.4/denonext/d3-array.mjs": "6519a5e73c89994e9e5b3959b717052ac2fa998e81c4b911b36f6fe3bb506798",
    "https://esm.sh/d3-array@3.2.4?target=denonext": "4266074d204ab57fcfbe3b73d6259dd41e56d864ca72d20b13e159414fe8c5f5",
    "https://esm.sh/d3-color@3.1.0/denonext/d3-color.mjs": "2e852a0327b74fbcf7cafd66913833423b736b8bf2e163801e74cee61624073a",
    "https://esm.sh/d3-color@3.1.0?target=denonext": "c44248d4b33f57d8791c0994e1eee000e5bbb4a9939d11e2baf5dfa669cab805",
    "https://esm.sh/d3-format@3.1.0/denonext/d3-format.mjs": "de06e6fe57436ec84c146e27a2ccaf444fc5dab14b091afe1e95d985bdfd8219",
    "https://esm.sh/d3-format@3.1.0/denonext/src/defaultLocale.mjs": "dfb5be55e86889631b0db011102c240ff60900347f80df21fe4d9d88ad9d2f06",
    "https://esm.sh/d3-format@3.1.0/denonext/src/exponent.mjs": "3fabc54097b16d594809a42288cbbbb9e3f0b26e88c83633cae2ead4b858e7d4",
    "https://esm.sh/d3-format@3.1.0/denonext/src/formatDecimal.mjs": "22184045739a8af17838956f85c7b747c4b8ad4e744e338d721a96a25c1805a4",
    "https://esm.sh/d3-format@3.1.0/denonext/src/formatGroup.mjs": "bbbcd628338ae27949817f50b2fef27ec808eacbbbc022cb29d62892cc778195",
    "https://esm.sh/d3-format@3.1.0/denonext/src/formatNumerals.mjs": "546ae2fd688a53c7cab1048cc3a4d8e1f9f64546a0d8021e061bc6f30b997d0a",
    "https://esm.sh/d3-format@3.1.0/denonext/src/formatPrefixAuto.mjs": "d4058419991cfc1ff535c5d2c3e556788d935ae9d886e174a306168cb9476cb8",
    "https://esm.sh/d3-format@3.1.0/denonext/src/formatRounded.mjs": "3fe4e8c81bc53cc82ba22564eca9b51f10e59c2a6028b6bf53a24884d9200925",
    "https://esm.sh/d3-format@3.1.0/denonext/src/formatSpecifier.mjs": "d0fce28aa8ff576e938c0817f18ca2e5824fa9a29ec3443fab92851472efac27",
    "https://esm.sh/d3-format@3.1.0/denonext/src/formatTrim.mjs": "bc4bad9a5827dec90c64557083eada6653ef531c64699eec4b8fc4d2fef4f69b",
    "https://esm.sh/d3-format@3.1.0/denonext/src/formatTypes.mjs": "3556878fb52315588adb3c8eb91e16c98e7d91371ece737121f52143a0e7304b",
    "https://esm.sh/d3-format@3.1.0/denonext/src/identity.mjs": "1a5237ada3ebfa0877cfd22b0d61bd5e90177879e0b9bcb31f72f4959ccdce3f",
    "https://esm.sh/d3-format@3.1.0/denonext/src/locale.mjs": "18051fb152a9f4f33bbdb54249bfcee67126a47dfe469fd54c44e108b6b13ba9",
    "https://esm.sh/d3-format@3.1.0/denonext/src/precisionFixed.mjs": "9db700a7ea53bd880348a5c26c89c9536a724c892cd7cb153ef2133e6d7bcc34",
    "https://esm.sh/d3-format@3.1.0/denonext/src/precisionPrefix.mjs": "98157877e57a9ec2470e574c5cceb12da5e3344e0425e30aa9b19da6a8a6ff7b",
    "https://esm.sh/d3-format@3.1.0/denonext/src/precisionRound.mjs": "5ed90c6636ea737e6bc1d522eb4ba60fc389ba6535dcb0c64112bf8ef843d21d",
    "https://esm.sh/d3-format@3.1.0?target=denonext": "c0d64767d08d2e6bc97243e6ceaa1f833f6b172ab8a0173e27ab11466c546aea",
    "https://esm.sh/d3-interpolate@3.0.1/denonext/d3-interpolate.mjs": "32e4fd3b94b318bce3c39726e50cbeff6e475e989cccb24072a6331cc2fbef6f",
    "https://esm.sh/d3-interpolate@3.0.1?target=denonext": "d919d1489c7be9cc2f235b39de7b446c77c912c4069d0cf1ca0a90379cce2968",
    "https://esm.sh/d3-path@3.1.0/denonext/d3-path.mjs": "d79581e49a2f7dc620bfc74299b070d858b012456752da7f12315202a4ba7184",
    "https://esm.sh/d3-path@3.1.0?target=denonext": "0efef59a6e67de9fe8cf8053cada892ab342eda9820e5061677c75391a11ef2e",
    "https://esm.sh/d3-scale@4.0.2/denonext/d3-scale.mjs": "1115950dd06d8026626e11229c846375f294a1cd1bd7f741b93c0dcb8fb0780a",
    "https://esm.sh/d3-scale@4.0.2?target=denonext": "f4225cdaa2d020f7ec7785a3e984c20b81f3022097a4b440e50c7825d916afa1",
    "https://esm.sh/d3-shape@3.2.0/denonext/d3-shape.mjs": "650a67568928c8bcd1983a48623dae723c2ce2e009b5553d9567043046ff6ad6",
    "https://esm.sh/d3-shape@3.2.0?target=denonext": "08207dbafaa679cbc1346c3c290cf3a179a32b029b5e958639ede04881285133",
    "https://esm.sh/d3-time-format@4.1.0/denonext/d3-time-format.mjs": "6439e52bacb8523679a21f687afcf00053a5fd746f0082029623fdceed767ae4",
    "https://esm.sh/d3-time-format@4.1.0/denonext/src/defaultLocale.mjs": "b9454dea3f10f2b51d249f5f1a8b19873afe8acbbdf119188854e99f22a809ec",
    "https://esm.sh/d3-time-format@4.1.0/denonext/src/isoFormat.mjs": "935278d7dd8b2d40cebb6c31abd772c05f26172bff30b7b456cf05c8f899007d",
    "https://esm.sh/d3-time-format@4.1.0/denonext/src/isoParse.mjs": "f4e93c15fa87c3862711cfdeb172b12a727795be94982e328d245a31d599557c",
    "https://esm.sh/d3-time-format@4.1.0/denonext/src/locale.mjs": "ac17c35b00d95a540a6a66e38db2da9bbbe5b1f706be8b54409652b58d5b12b2",
    "https://esm.sh/d3-time-format@4.1.0?target=denonext": "91bddb03aa47c57dbc225451934b777c80e911c93b82c2923a8b875c4b50da0d",
    "https://esm.sh/d3-time@3.1.0/denonext/d3-time.mjs": "019824f1ffdc1e494d992d20c009387eb07d06985b13af28127ded7c76969ba4",
    "https://esm.sh/d3-time@3.1.0?target=denonext": "39f91af316d7e080e5294c8e989c2193cf0179120f3b83c39aa19b9eb0cabc16",
    "https://esm.sh/decimal.js-light@2.5.1/denonext/decimal.js-light.mjs": "dec2a9f38041d6e4f43d19f22efa2f4e83884fc70ad99015a1c3bb17b533a4a1",
    "https://esm.sh/decimal.js-light@2.5.1?target=denonext": "357afa4ada79abbcf38a558fa34b89388a80803904a004c9f07236276add70a0",
    "https://esm.sh/dom-helpers@5.2.1/addClass?target=denonext": "8a54203433b9003a197fbf8a52015b09ab624bb49c1bbc9d870a7c1f39f34729",
    "https://esm.sh/dom-helpers@5.2.1/denonext/addClass.mjs": "e0c682b502452bfcaa381c4821ade4ee783f75416df218472c7978033443d795",
    "https://esm.sh/dom-helpers@5.2.1/denonext/removeClass.mjs": "3332beff0d99962bcb7bd9dda81bb2acc4fd58dcc253540a2f032b545ce65409",
    "https://esm.sh/dom-helpers@5.2.1/removeClass?target=denonext": "247048e9282847d9d4986429a068b69bae236e169f521010edd04d21da8878e4",
    "https://esm.sh/eventemitter3@4.0.7/denonext/eventemitter3.mjs": "d26d8683d890f259d39cc334512a888d3079917477d7eb10c3cd3775831cdcc3",
    "https://esm.sh/eventemitter3@4.0.7?target=denonext": "84748b6b17ebdb58719651ec0b5e6f84e5923d97f43231c5835d74be6ce050f1",
    "https://esm.sh/fast-equals@5.2.2/denonext/fast-equals.mjs": "4de406ae11e42c0c6d2b333b87cd7327b793ad9aecb87e403aaba35850b7c00a",
    "https://esm.sh/fast-equals@5.2.2?target=denonext": "396566b0405af64cb392e90208b4cb813bc5b5117f1e756a8701892244df4c4c",
    "https://esm.sh/internmap@2.0.3/denonext/internmap.mjs": "09707265c3a24383ca1b71aa6d97ab980e91ad4e804f55dec34de6d24a9900b4",
    "https://esm.sh/internmap@2.0.3?target=denonext": "235fe2491d38df4060d092e8b8e882891b7bcb595435dcf9f52d7d38b6d2c534",
    "https://esm.sh/lodash@4.17.21/denonext/every.mjs": "6b18051b407f86bada8e77c377ea885c25bf99ac6526a02aae07f5bec7fc9bc1",
    "https://esm.sh/lodash@4.17.21/denonext/find.mjs": "b0388882b8b3e3d73b413b831758f8e1964fce7d88145bf593762bb556326e18",
    "https://esm.sh/lodash@4.17.21/denonext/first.mjs": "9b2636c18ece3f378952d6b814d75a0384ccc4beba13930575e7bde87f9f04f2",
    "https://esm.sh/lodash@4.17.21/denonext/flatMap.mjs": "2e3093405c89fde9ed54b96b38988d75d3eab3598d9f3ed35c9da6fd95441e6d",
    "https://esm.sh/lodash@4.17.21/denonext/get.mjs": "5994f2dae41ed2a12c050569b61f8c7f35e276b4826da08740dd914f34ea4110",
    "https://esm.sh/lodash@4.17.21/denonext/isBoolean.mjs": "64a82be57935ebc625ac54ff2d5146d65756a89f9cba2cb5481664cb2d3ba1e4",
    "https://esm.sh/lodash@4.17.21/denonext/isEqual.mjs": "5883e51d88eb007f91ceeb564e8c9fe7c3b919e930af21d747866e2cf09f97db",
    "https://esm.sh/lodash@4.17.21/denonext/isFunction.mjs": "1fc7de55b6c4c21da2c1c194e674da102acde848ad00f67ef816665e572a4b50",
    "https://esm.sh/lodash@4.17.21/denonext/isNaN.mjs": "fb8b5257a7ce906f5039de775afa2b1debdc6c058c789232abce437c3492b70d",
    "https://esm.sh/lodash@4.17.21/denonext/isNil.mjs": "eb5ecea8247a501442db5e814e43a7f6dcdc5b1d5905be78fd848fb95c64d2ea",
    "https://esm.sh/lodash@4.17.21/denonext/isNumber.mjs": "68c8a0e3305e18f2772cb87f5da680eb3872cbb4198a7af56f1384837b5b37f1",
    "https://esm.sh/lodash@4.17.21/denonext/isObject.mjs": "d6fda6184fc2b5b8a990cfa4835ad7c20bdded2b3b14de0f9d29229908558c16",
    "https://esm.sh/lodash@4.17.21/denonext/isPlainObject.mjs": "90ebc0238457636116f2c5cd84633459bf32dcd1229c32971141eb4f4655bcda",
    "https://esm.sh/lodash@4.17.21/denonext/isString.mjs": "3c30740fd3e0b2e00994b82748adaad81c355ccce88eb381ae0fb58e49dcad3e",
    "https://esm.sh/lodash@4.17.21/denonext/last.mjs": "9ed002d5526c86b9e55fa02f017cf1a3f8ba6b28f7ac2bb2124ec8aae7b6de83",
    "https://esm.sh/lodash@4.17.21/denonext/mapValues.mjs": "269464130b06d4744bdd768582b898c7b5eeaf2d8e7c4879922a08986330ebfe",
    "https://esm.sh/lodash@4.17.21/denonext/max.mjs": "9be30dc8fa1b1cac77ec068cd3548671cfa9705e88f765cbf1bb733cab93a04d",
    "https://esm.sh/lodash@4.17.21/denonext/maxBy.mjs": "f45611cb4710af9ed4c0fb0cb13e18396f8bba5d51bb3bc09206ae77a7f8dd8d",
    "https://esm.sh/lodash@4.17.21/denonext/memoize.mjs": "49fddafefadcd085bb92b1a73a4cd58fde22f8cc643dd65dad47f7384aa4efc1",
    "https://esm.sh/lodash@4.17.21/denonext/min.mjs": "cd997696c9efd73e7928452bd9ae55888515f672efa177d862acb67db92b3175",
    "https://esm.sh/lodash@4.17.21/denonext/minBy.mjs": "36aceb8463a9f3544f638cb3ed2ac1e6c1672427b11f4a96da1528d7ff89a0a1",
    "https://esm.sh/lodash@4.17.21/denonext/omit.mjs": "0b362dde4a3d5068af5bf92e0ae5c17114317973f32a69a6c93cd125bd75b59b",
    "https://esm.sh/lodash@4.17.21/denonext/range.mjs": "5155b1d61db79f4d8dc4fc00d2bac97c70a7f31d0ad4ed19f1a98902ce8e8344",
    "https://esm.sh/lodash@4.17.21/denonext/some.mjs": "3bd91814def4a9f210b806f19a18cbf8da7800b919b7af75f3837d04fdb83897",
    "https://esm.sh/lodash@4.17.21/denonext/sortBy.mjs": "cba4b3450dc010d88241c3c78556ac69114c8d8d23ec0e402e1296911ad22449",
    "https://esm.sh/lodash@4.17.21/denonext/sumBy.mjs": "f1e147e89c2e26ba8191f60dcefde22922a6c12d852b9c44103ea6b0c5b1b41d",
    "https://esm.sh/lodash@4.17.21/denonext/throttle.mjs": "149269f38ded685a3eba3c1ce1c5a21cb44b054dfebf66ad60f34ea8e926f43e",
    "https://esm.sh/lodash@4.17.21/denonext/uniqBy.mjs": "8d1e2d02cba7debd6b9cd9211e66d6570768685bf61337c90e9e13b7d35ea6a2",
    "https://esm.sh/lodash@4.17.21/denonext/upperFirst.mjs": "3fcd2fa08a2a92b40be0348c2fab02b790eb1cea3292ed6859655077976a9468",
    "https://esm.sh/lodash@4.17.21/every?target=denonext": "8bd0f7118fb3e41dbf2284601d3cbfdc24caf98ebb0e82473186db3468d9e83c",
    "https://esm.sh/lodash@4.17.21/find?target=denonext": "2c72e7fb068d50d34262a8dd9ed46ce63e4df08e2dc8503bbb95ce5670e95dcc",
    "https://esm.sh/lodash@4.17.21/first?target=denonext": "8d7ccee5740bd6d6eec15773f2f4bc94d86e3c2c07ebbe9558bb43ef0a03c9c4",
    "https://esm.sh/lodash@4.17.21/flatMap?target=denonext": "0e45004006f4da26acb9833a785f31ffba2e4d33b51b3be003a040cf756c7785",
    "https://esm.sh/lodash@4.17.21/get?target=denonext": "01e3b29c87b0ee1fb7b64963430a013d4d254713a5f213789c0184d74a529197",
    "https://esm.sh/lodash@4.17.21/isBoolean?target=denonext": "7108716a7f69486ad3c094511b58be6989aef96f0874cf14cdaa0ce5e1d47076",
    "https://esm.sh/lodash@4.17.21/isEqual?target=denonext": "20ed9008064657e4315fc6a09cec880f3e958e249d7aac44c89356875102802c",
    "https://esm.sh/lodash@4.17.21/isFunction?target=denonext": "e17b97df32e126401c056dac95b045391e91341cf83f0d2b676a26ff93f5fe2f",
    "https://esm.sh/lodash@4.17.21/isNaN?target=denonext": "8eafef376745ebbde894b1c064087a3254142196c1c064a5a1a9597f9cd02249",
    "https://esm.sh/lodash@4.17.21/isNil?target=denonext": "fd7f1d8672c3801666550a386305560b830b139bd7b512205c00070bc8252467",
    "https://esm.sh/lodash@4.17.21/isNumber?target=denonext": "340636b2dd89ca73131b527a19aa44d598128ac1cab6925318b18889c4eabaeb",
    "https://esm.sh/lodash@4.17.21/isObject?target=denonext": "4d7ed0371954887b39d3f34d9ac4641c5e484fe16a172903e88d98a12ce5c22c",
    "https://esm.sh/lodash@4.17.21/isPlainObject?target=denonext": "57b87a3516eb2eccd064309c65dab4d556f63f6e09c68dcb732e6cbc7707977a",
    "https://esm.sh/lodash@4.17.21/isString?target=denonext": "f3454588eceef6091c716653a046ddcf1890820e14ff210441554ba8629961f7",
    "https://esm.sh/lodash@4.17.21/last?target=denonext": "972996000ad509d65bf7a13b2ec7d8ede62f536e114a65d28c832200af7e9419",
    "https://esm.sh/lodash@4.17.21/mapValues?target=denonext": "ac7cd4970626e82f9844bcc4d8aca472b76fddb7376a5dab263422885a29d11c",
    "https://esm.sh/lodash@4.17.21/max?target=denonext": "b96e09c8e1f2c3cbd06acb48fec1006e21028c45c3094f5609982fb5f92b043b",
    "https://esm.sh/lodash@4.17.21/maxBy?target=denonext": "1d7ba8cecdadbdacc5b3bd87eb67277a6cc373979d38a91f6780fe277094332f",
    "https://esm.sh/lodash@4.17.21/memoize?target=denonext": "3f3d2b30e40cba8bdf71fa38fd94af627b2749879e8976c3b4106f71a1a07de4",
    "https://esm.sh/lodash@4.17.21/min?target=denonext": "025507e69f04c92554538667d7772b56e4e282d0f30ba611c634847d962d8cfd",
    "https://esm.sh/lodash@4.17.21/minBy?target=denonext": "180f9de22613f6eff8dc922a5c9778606c0dab495dba922f4b6941132c29da1a",
    "https://esm.sh/lodash@4.17.21/omit?target=denonext": "56e3670cc143b841b552a610327db8dd7c244d6baa6a404c35ab1782e89e5284",
    "https://esm.sh/lodash@4.17.21/range?target=denonext": "3b63e99207a7bafc0dc12a7b44b857fa310707b4054f068068d88cd9b4d060b7",
    "https://esm.sh/lodash@4.17.21/some?target=denonext": "c9faa2ee884e7f49bb2671a08d442a2f74d3e0da3ad421fe047cbfef8731f0cf",
    "https://esm.sh/lodash@4.17.21/sortBy?target=denonext": "1a9bc6357d8c0498b26764877b051c7ec78d880f22bf75ef04646cff8235ecf2",
    "https://esm.sh/lodash@4.17.21/sumBy?target=denonext": "c1a9e84828c4ea6db1dc109ccae5fd95001c9b8d4ee3a4c4c2990fa1e9581c53",
    "https://esm.sh/lodash@4.17.21/throttle?target=denonext": "2a0a8c54d54afdf4f3ad62e4d22821a2b12310446e1a8e3471ea0c97f3cdc6e1",
    "https://esm.sh/lodash@4.17.21/uniqBy?target=denonext": "f243839006d0f29d4d013c24cad68468beb250fb6b3ff7a3379e13be9b81ccbf",
    "https://esm.sh/lodash@4.17.21/upperFirst?target=denonext": "c07e293bb75e5e8111a78e5137547d451e3a97dbaaec1aba15bbad8600b044ee",
    "https://esm.sh/lucide-react@0.475.0": "69c363303c8ba9b229b3ddb500e1c27cf2b6d66913cf10e80408642169d2bce8",
    "https://esm.sh/lucide-react@0.475.0/denonext/dist/esm/Icon.mjs": "03e162532e73feb83425a128a3b3ab9497617a90f11493ab841ccae1b2dadbca",
    "https://esm.sh/lucide-react@0.475.0/denonext/dist/esm/createLucideIcon.mjs": "6170b4f156e30c8034638958a1bf10a31a03b5b575fb66dfb04488d8c8c50b98",
    "https://esm.sh/lucide-react@0.475.0/denonext/dist/esm/shared/src/utils.mjs": "79f21b39a0285f69301bf763a9785b703f1518147edc1e1a149035f2448c75fa",
    "https://esm.sh/lucide-react@0.475.0/denonext/lucide-react.mjs": "405f0b4bbeb2337f80459e93e7ed48bd84a3a82f86c74abb77ea787a6e836135",
    "https://esm.sh/prop-types@15.8.1/denonext/prop-types.mjs": "cf48d191a1f2bf5177d68576a117d2b3abff5a285c2890fae66797ff841e922f",
    "https://esm.sh/prop-types@15.8.1?target=denonext": "1165380d0a00a71fe5f09c2634849445cf47587de8e8dfec516081f953c503b6",
    "https://esm.sh/react-dom@19.0.0/client": "c972c16184c695fc5828dfa61d7f341edbc463d20d8108765c93a98027c24227",
    "https://esm.sh/react-dom@19.0.0/denonext/client.mjs": "9213929ed070ab81dbca5a71b1f7031e302428ad0ca6a3011aba30c34e8bd33c",
    "https://esm.sh/react-dom@19.0.0/denonext/react-dom.mjs": "a2f7bc344e1d5b7ca47e68665291e206ae4db17ee84f234f3d3e2533b9119f63",
    "https://esm.sh/react-dom@19.0.0?target=denonext": "d057f65e74eca8add1702ba9a5ecbcc8e60a73dd358b7852094bde0361725137",
    "https://esm.sh/react-is@18.3.1/denonext/react-is.mjs": "c1d5a0a6fe1fa91e11156a3141f231ef9fd5c344a0822d1f7558ebd77a06c405",
    "https://esm.sh/react-is@18.3.1?target=denonext": "dd7fb8e31fd333e7d7cf93786029e434a20ba2382ede1b247060f38542e74702",
    "https://esm.sh/react-smooth@4.0.4/denonext/react-smooth.mjs": "91c78bbf9266a23f32a3ebbce7aa81ae4bdde927af576c07a357c52c83ae1a26",
    "https://esm.sh/react-smooth@4.0.4?target=denonext": "d78f0d2bb1295c1eef3fe5a78c7e7205701380250e163bb5d46d8fd7100f2b6a",
    "https://esm.sh/react-transition-group@4.4.5/denonext/react-transition-group.mjs": "20ded46fbaf1b83ceb79d87f8d3985127fc4049ec362d3926fba92c81d6ff991",
    "https://esm.sh/react-transition-group@4.4.5?target=denonext": "c0602ef43a00c251f4965415088720fb623e0b10d9d41ca63ffa0af01dd28325",
    "https://esm.sh/react@19.0.0": "ab1f4aa20ac56c237bbb204632bdb55f03a0ab005d21944eeb447e5e37879637",
    "https://esm.sh/react@19.0.0/denonext/jsx-runtime.mjs": "643b749fa9666fbf73619a99fd708722edb4acaa34c8cea7be783a3432367780",
    "https://esm.sh/react@19.0.0/denonext/react.mjs": "87fdb28d39ca8983bdba3e7ec329305f95463cfc70c015b2620b4900fa15efdd",
    "https://esm.sh/react@19.0.0/jsx-runtime": "491d2a6b0632208ebc307680e900d5c3246bf6738f3b1ef028a72c94e8b53a62",
    "https://esm.sh/react@19.0.0?target=denonext": "ab1f4aa20ac56c237bbb204632bdb55f03a0ab005d21944eeb447e5e37879637",
    "https://esm.sh/recharts-scale@0.4.5/denonext/recharts-scale.mjs": "7380b2f9fc9c8c5b7377643736a414fe83f2ef86ef7f98e2406d79fe1c39fd6d",
    "https://esm.sh/recharts-scale@0.4.5?target=denonext": "7726b3acd91728bc1fdadb5d605f27a3718bb31ebdfd9e1b719619b69522a63c",
    "https://esm.sh/recharts@2.15.1": "003b819dc456f3c25dc2024f12dc260b66979a17885a48e6cb3dd617dbfc778a",
    "https://esm.sh/recharts@2.15.1/denonext/recharts.mjs": "6d00f1e4f101ceb051fbd9060838fc228da2a406fb92b97bf1b9543eb3bc40c3",
    "https://esm.sh/scheduler@0.25.0/denonext/scheduler.mjs": "50687edf9e0034b6db97303b1b16893b59c5833c21ea8cf913dc380b537f6aaf",
    "https://esm.sh/scheduler@0.25.0?target=denonext": "c12810f51123057a8a8e309cc8befaac0b5cd371cb4d61bf0372ab8046acc8e0",
    "https://esm.sh/tiny-invariant@1.3.3/denonext/tiny-invariant.mjs": "6ff7fd731691fb0e6485756b3ce4d56d044b7b9b815eca5b9409f147fff6a90e",
    "https://esm.sh/tiny-invariant@1.3.3?target=denonext": "38b332e1d94c6bbae21cfe8484c0545099d34ac3f2dba1233ca60183e2087609",
    "https://esm.sh/victory-vendor@36.9.2/d3-scale?target=denonext": "b2ac2bf72439bab864509d068bc6f4a72dbbf4ede3be00b42dc5f80df6371321",
    "https://esm.sh/victory-vendor@36.9.2/d3-shape?target=denonext": "bc347e6379e2d1327ad062b1bf363588754af683dc17e385daf40cdcf8268732",
    "https://esm.sh/victory-vendor@36.9.2/denonext/d3-scale.mjs": "156b76a14528df881e7a748fe02f92e95b949d41ae32357a88a8c8abc71ae2ae",
    "https://esm.sh/victory-vendor@36.9.2/denonext/d3-shape.mjs": "8364df118a0fb497e002be6b47d26abadc7ab710b271c897d9a58295fd49c606"
  }
}
